{
  "name": "vue-airbnb-style-datepicker-gedocu",
  "version": "1.0.1",
  "lockfileVersion": 1,
  "requires": true,
  "dependencies": {
    "v-click-outside": {
      "version": "2.1.5",
      "resolved": "https://registry.npmjs.org/v-click-outside/-/v-click-outside-2.1.5.tgz",
      "integrity": "sha512-VPNCOTZK6WZy73lcWc+R7IW1uaBFEO3/Csrs5CzWVOdvE30V8Y1+BE/BtTlcEmeDGx0eqdE7bSCg55Jj37PMJg=="
    }
  }
}
